// !$*UTF8*$!
{
	archiveVersion = 1;
	classes = {
	};
	objectVersion = 50;
	objects = {

/* Begin PBXBuildFile section */
		FA82D41525F5DC720054D1C4 /* BackgroundView.swift in Sources */ = {isa = PBXBuildFile; fileRef = FA82D41425F5DC720054D1C4 /* BackgroundView.swift */; };
		FA82D41C25F73E950054D1C4 /* CircleButton.swift in Sources */ = {isa = PBXBuildFile; fileRef = FA82D41B25F73E950054D1C4 /* CircleButton.swift */; };
		FA82D41F25F897FB0054D1C4 /* CicleButtonsContainer.swift in Sources */ = {isa = PBXBuildFile; fileRef = FA82D41E25F897FB0054D1C4 /* CicleButtonsContainer.swift */; };
		FA82D42225F898740054D1C4 /* AlbumHeaderView.swift in Sources */ = {isa = PBXBuildFile; fileRef = FA82D42125F898740054D1C4 /* AlbumHeaderView.swift */; };
		FA82D42625FB1AD00054D1C4 /* RoundedButton.swift in Sources */ = {isa = PBXBuildFile; fileRef = FA82D42525FB1AD00054D1C4 /* RoundedButton.swift */; };
		FA82D42925FB22F60054D1C4 /* PlayAndShuffleButtonsContainer.swift in Sources */ = {isa = PBXBuildFile; fileRef = FA82D42825FB22F60054D1C4 /* PlayAndShuffleButtonsContainer.swift */; };
		FAB5F57225FC5A630057EE55 /* Roboto-LightItalic.ttf in Resources */ = {isa = PBXBuildFile; fileRef = FAB5F56625FC59490057EE55 /* Roboto-LightItalic.ttf */; };
		FAB5F57325FC5A630057EE55 /* Roboto-BlackItalic.ttf in Resources */ = {isa = PBXBuildFile; fileRef = FAB5F56D25FC59490057EE55 /* Roboto-BlackItalic.ttf */; };
		FAB5F57425FC5A630057EE55 /* Roboto-Medium.ttf in Resources */ = {isa = PBXBuildFile; fileRef = FAB5F57025FC59490057EE55 /* Roboto-Medium.ttf */; };
		FAB5F57525FC5A630057EE55 /* Roboto-Regular.ttf in Resources */ = {isa = PBXBuildFile; fileRef = FAB5F56825FC59490057EE55 /* Roboto-Regular.ttf */; };
		FAB5F57625FC5A630057EE55 /* Roboto-Light.ttf in Resources */ = {isa = PBXBuildFile; fileRef = FAB5F56F25FC59490057EE55 /* Roboto-Light.ttf */; };
		FAB5F57725FC5A630057EE55 /* Roboto-Black.ttf in Resources */ = {isa = PBXBuildFile; fileRef = FAB5F56725FC59490057EE55 /* Roboto-Black.ttf */; };
		FAB5F57825FC5A630057EE55 /* Roboto-Italic.ttf in Resources */ = {isa = PBXBuildFile; fileRef = FAB5F56A25FC59490057EE55 /* Roboto-Italic.ttf */; };
		FAB5F57925FC5A630057EE55 /* Roboto-MediumItalic.ttf in Resources */ = {isa = PBXBuildFile; fileRef = FAB5F57125FC594A0057EE55 /* Roboto-MediumItalic.ttf */; };
		FAB5F57A25FC5A630057EE55 /* Roboto-Thin.ttf in Resources */ = {isa = PBXBuildFile; fileRef = FAB5F56B25FC59490057EE55 /* Roboto-Thin.ttf */; };
		FAB5F57B25FC5A630057EE55 /* Roboto-Bold.ttf in Resources */ = {isa = PBXBuildFile; fileRef = FAB5F56E25FC59490057EE55 /* Roboto-Bold.ttf */; };
		FAB5F57C25FC5A630057EE55 /* Roboto-BoldItalic.ttf in Resources */ = {isa = PBXBuildFile; fileRef = FAB5F56C25FC59490057EE55 /* Roboto-BoldItalic.ttf */; };
		FAB5F57D25FC5A630057EE55 /* Roboto-ThinItalic.ttf in Resources */ = {isa = PBXBuildFile; fileRef = FAB5F56925FC59490057EE55 /* Roboto-ThinItalic.ttf */; };
		FAB5F58125FD0C910057EE55 /* ColorExtension.swift in Sources */ = {isa = PBXBuildFile; fileRef = FAB5F58025FD0C910057EE55 /* ColorExtension.swift */; };
		FAB5F58725FD91B00057EE55 /* NavigationBarModifier.swift in Sources */ = {isa = PBXBuildFile; fileRef = FAB5F58625FD91B00057EE55 /* NavigationBarModifier.swift */; };
		FAB5F58A25FD92230057EE55 /* ViewExtension.swift in Sources */ = {isa = PBXBuildFile; fileRef = FAB5F58925FD92230057EE55 /* ViewExtension.swift */; };
		FACB7C6325F5CE7C004C099F /* AppDelegate.swift in Sources */ = {isa = PBXBuildFile; fileRef = FACB7C6225F5CE7C004C099F /* AppDelegate.swift */; };
		FACB7C6525F5CE7C004C099F /* SceneDelegate.swift in Sources */ = {isa = PBXBuildFile; fileRef = FACB7C6425F5CE7C004C099F /* SceneDelegate.swift */; };
		FACB7C6725F5CE7C004C099F /* AlbumDetailView.swift in Sources */ = {isa = PBXBuildFile; fileRef = FACB7C6625F5CE7C004C099F /* AlbumDetailView.swift */; };
		FACB7C6925F5CE7E004C099F /* Assets.xcassets in Resources */ = {isa = PBXBuildFile; fileRef = FACB7C6825F5CE7E004C099F /* Assets.xcassets */; };
		FACB7C6C25F5CE7E004C099F /* Preview Assets.xcassets in Resources */ = {isa = PBXBuildFile; fileRef = FACB7C6B25F5CE7E004C099F /* Preview Assets.xcassets */; };
		FACB7C6F25F5CE7E004C099F /* LaunchScreen.storyboard in Resources */ = {isa = PBXBuildFile; fileRef = FACB7C6D25F5CE7E004C099F /* LaunchScreen.storyboard */; };
/* End PBXBuildFile section */

/* Begin PBXFileReference section */
		FA82D41425F5DC720054D1C4 /* BackgroundView.swift */ = {isa = PBXFileReference; lastKnownFileType = sourcecode.swift; path = BackgroundView.swift; sourceTree = "<group>"; };
		FA82D41B25F73E950054D1C4 /* CircleButton.swift */ = {isa = PBXFileReference; lastKnownFileType = sourcecode.swift; path = CircleButton.swift; sourceTree = "<group>"; };
		FA82D41E25F897FB0054D1C4 /* CicleButtonsContainer.swift */ = {isa = PBXFileReference; lastKnownFileType = sourcecode.swift; path = CicleButtonsContainer.swift; sourceTree = "<group>"; };
		FA82D42125F898740054D1C4 /* AlbumHeaderView.swift */ = {isa = PBXFileReference; lastKnownFileType = sourcecode.swift; path = AlbumHeaderView.swift; sourceTree = "<group>"; };
		FA82D42525FB1AD00054D1C4 /* RoundedButton.swift */ = {isa = PBXFileReference; lastKnownFileType = sourcecode.swift; path = RoundedButton.swift; sourceTree = "<group>"; };
		FA82D42825FB22F60054D1C4 /* PlayAndShuffleButtonsContainer.swift */ = {isa = PBXFileReference; lastKnownFileType = sourcecode.swift; path = PlayAndShuffleButtonsContainer.swift; sourceTree = "<group>"; };
		FAB5F56625FC59490057EE55 /* Roboto-LightItalic.ttf */ = {isa = PBXFileReference; lastKnownFileType = file; path = "Roboto-LightItalic.ttf"; sourceTree = "<group>"; };
		FAB5F56725FC59490057EE55 /* Roboto-Black.ttf */ = {isa = PBXFileReference; lastKnownFileType = file; path = "Roboto-Black.ttf"; sourceTree = "<group>"; };
		FAB5F56825FC59490057EE55 /* Roboto-Regular.ttf */ = {isa = PBXFileReference; lastKnownFileType = file; path = "Roboto-Regular.ttf"; sourceTree = "<group>"; };
		FAB5F56925FC59490057EE55 /* Roboto-ThinItalic.ttf */ = {isa = PBXFileReference; lastKnownFileType = file; path = "Roboto-ThinItalic.ttf"; sourceTree = "<group>"; };
		FAB5F56A25FC59490057EE55 /* Roboto-Italic.ttf */ = {isa = PBXFileReference; lastKnownFileType = file; path = "Roboto-Italic.ttf"; sourceTree = "<group>"; };
		FAB5F56B25FC59490057EE55 /* Roboto-Thin.ttf */ = {isa = PBXFileReference; lastKnownFileType = file; path = "Roboto-Thin.ttf"; sourceTree = "<group>"; };
		FAB5F56C25FC59490057EE55 /* Roboto-BoldItalic.ttf */ = {isa = PBXFileReference; lastKnownFileType = file; path = "Roboto-BoldItalic.ttf"; sourceTree = "<group>"; };
		FAB5F56D25FC59490057EE55 /* Roboto-BlackItalic.ttf */ = {isa = PBXFileReference; lastKnownFileType = file; path = "Roboto-BlackItalic.ttf"; sourceTree = "<group>"; };
		FAB5F56E25FC59490057EE55 /* Roboto-Bold.ttf */ = {isa = PBXFileReference; lastKnownFileType = file; path = "Roboto-Bold.ttf"; sourceTree = "<group>"; };
		FAB5F56F25FC59490057EE55 /* Roboto-Light.ttf */ = {isa = PBXFileReference; lastKnownFileType = file; path = "Roboto-Light.ttf"; sourceTree = "<group>"; };
		FAB5F57025FC59490057EE55 /* Roboto-Medium.ttf */ = {isa = PBXFileReference; lastKnownFileType = file; path = "Roboto-Medium.ttf"; sourceTree = "<group>"; };
		FAB5F57125FC594A0057EE55 /* Roboto-MediumItalic.ttf */ = {isa = PBXFileReference; lastKnownFileType = file; path = "Roboto-MediumItalic.ttf"; sourceTree = "<group>"; };
		FAB5F58025FD0C910057EE55 /* ColorExtension.swift */ = {isa = PBXFileReference; lastKnownFileType = sourcecode.swift; path = ColorExtension.swift; sourceTree = "<group>"; };
		FAB5F58625FD91B00057EE55 /* NavigationBarModifier.swift */ = {isa = PBXFileReference; lastKnownFileType = sourcecode.swift; path = NavigationBarModifier.swift; sourceTree = "<group>"; };
		FAB5F58925FD92230057EE55 /* ViewExtension.swift */ = {isa = PBXFileReference; lastKnownFileType = sourcecode.swift; path = ViewExtension.swift; sourceTree = "<group>"; };
		FACB7C5F25F5CE7C004C099F /* AlbumDetail.app */ = {isa = PBXFileReference; explicitFileType = wrapper.application; includeInIndex = 0; path = AlbumDetail.app; sourceTree = BUILT_PRODUCTS_DIR; };
		FACB7C6225F5CE7C004C099F /* AppDelegate.swift */ = {isa = PBXFileReference; lastKnownFileType = sourcecode.swift; path = AppDelegate.swift; sourceTree = "<group>"; };
		FACB7C6425F5CE7C004C099F /* SceneDelegate.swift */ = {isa = PBXFileReference; lastKnownFileType = sourcecode.swift; path = SceneDelegate.swift; sourceTree = "<group>"; };
		FACB7C6625F5CE7C004C099F /* AlbumDetailView.swift */ = {isa = PBXFileReference; lastKnownFileType = sourcecode.swift; path = AlbumDetailView.swift; sourceTree = "<group>"; };
		FACB7C6825F5CE7E004C099F /* Assets.xcassets */ = {isa = PBXFileReference; lastKnownFileType = folder.assetcatalog; path = Assets.xcassets; sourceTree = "<group>"; };
		FACB7C6B25F5CE7E004C099F /* Preview Assets.xcassets */ = {isa = PBXFileReference; lastKnownFileType = folder.assetcatalog; path = "Preview Assets.xcassets"; sourceTree = "<group>"; };
		FACB7C6E25F5CE7E004C099F /* Base */ = {isa = PBXFileReference; lastKnownFileType = file.storyboard; name = Base; path = Base.lproj/LaunchScreen.storyboard; sourceTree = "<group>"; };
		FACB7C7025F5CE7E004C099F /* Info.plist */ = {isa = PBXFileReference; lastKnownFileType = text.plist.xml; path = Info.plist; sourceTree = "<group>"; };
/* End PBXFileReference section */

/* Begin PBXFrameworksBuildPhase section */
		FACB7C5C25F5CE7C004C099F /* Frameworks */ = {
			isa = PBXFrameworksBuildPhase;
			buildActionMask = 2147483647;
			files = (
			);
			runOnlyForDeploymentPostprocessing = 0;
		};
/* End PBXFrameworksBuildPhase section */

/* Begin PBXGroup section */
		FAB5F56525FC58F50057EE55 /* Fonts */ = {
			isa = PBXGroup;
			children = (
				FAB5F56725FC59490057EE55 /* Roboto-Black.ttf */,
				FAB5F56D25FC59490057EE55 /* Roboto-BlackItalic.ttf */,
				FAB5F56E25FC59490057EE55 /* Roboto-Bold.ttf */,
				FAB5F56C25FC59490057EE55 /* Roboto-BoldItalic.ttf */,
				FAB5F56A25FC59490057EE55 /* Roboto-Italic.ttf */,
				FAB5F56F25FC59490057EE55 /* Roboto-Light.ttf */,
				FAB5F56625FC59490057EE55 /* Roboto-LightItalic.ttf */,
				FAB5F57025FC59490057EE55 /* Roboto-Medium.ttf */,
				FAB5F57125FC594A0057EE55 /* Roboto-MediumItalic.ttf */,
				FAB5F56825FC59490057EE55 /* Roboto-Regular.ttf */,
				FAB5F56B25FC59490057EE55 /* Roboto-Thin.ttf */,
				FAB5F56925FC59490057EE55 /* Roboto-ThinItalic.ttf */,
			);
			path = Fonts;
			sourceTree = "<group>";
		};
		FAB5F57F25FD0C620057EE55 /* Extensions */ = {
			isa = PBXGroup;
			children = (
				FAB5F58025FD0C910057EE55 /* ColorExtension.swift */,
				FAB5F58925FD92230057EE55 /* ViewExtension.swift */,
			);
			path = Extensions;
			sourceTree = "<group>";
		};
		FAB5F58425FD91210057EE55 /* Modifiers */ = {
			isa = PBXGroup;
			children = (
				FAB5F58625FD91B00057EE55 /* NavigationBarModifier.swift */,
			);
			path = Modifiers;
			sourceTree = "<group>";
		};
		FACB7C5625F5CE7C004C099F = {
			isa = PBXGroup;
			children = (
				FACB7C6125F5CE7C004C099F /* AlbumDetail */,
				FACB7C6025F5CE7C004C099F /* Products */,
			);
			sourceTree = "<group>";
		};
		FACB7C6025F5CE7C004C099F /* Products */ = {
			isa = PBXGroup;
			children = (
				FACB7C5F25F5CE7C004C099F /* AlbumDetail.app */,
			);
			name = Products;
			sourceTree = "<group>";
		};
		FACB7C6125F5CE7C004C099F /* AlbumDetail */ = {
			isa = PBXGroup;
			children = (
				FACB7C7025F5CE7E004C099F /* Info.plist */,
				FACB7C6625F5CE7C004C099F /* AlbumDetailView.swift */,
				FACB7C6225F5CE7C004C099F /* AppDelegate.swift */,
				FACB7C6425F5CE7C004C099F /* SceneDelegate.swift */,
				FACB7C6825F5CE7E004C099F /* Assets.xcassets */,
				FACB7C6D25F5CE7E004C099F /* LaunchScreen.storyboard */,
				FAB5F57F25FD0C620057EE55 /* Extensions */,
				FAB5F56525FC58F50057EE55 /* Fonts */,
				FAB5F58425FD91210057EE55 /* Modifiers */,
				FACB7C6A25F5CE7E004C099F /* Preview Content */,
				FACB7C7725F5CFF1004C099F /* Subviews */,
			);
			path = AlbumDetail;
			sourceTree = "<group>";
		};
		FACB7C6A25F5CE7E004C099F /* Preview Content */ = {
			isa = PBXGroup;
			children = (
				FACB7C6B25F5CE7E004C099F /* Preview Assets.xcassets */,
			);
			path = "Preview Content";
			sourceTree = "<group>";
		};
		FACB7C7725F5CFF1004C099F /* Subviews */ = {
			isa = PBXGroup;
			children = (
				FA82D41425F5DC720054D1C4 /* BackgroundView.swift */,
				FA82D41B25F73E950054D1C4 /* CircleButton.swift */,
				FA82D41E25F897FB0054D1C4 /* CicleButtonsContainer.swift */,
				FA82D42125F898740054D1C4 /* AlbumHeaderView.swift */,
				FA82D42525FB1AD00054D1C4 /* RoundedButton.swift */,
				FA82D42825FB22F60054D1C4 /* PlayAndShuffleButtonsContainer.swift */,
			);
			path = Subviews;
			sourceTree = "<group>";
		};
/* End PBXGroup section */

/* Begin PBXNativeTarget section */
		FACB7C5E25F5CE7C004C099F /* AlbumDetail */ = {
			isa = PBXNativeTarget;
			buildConfigurationList = FACB7C7325F5CE7E004C099F /* Build configuration list for PBXNativeTarget "AlbumDetail" */;
			buildPhases = (
				FACB7C5B25F5CE7C004C099F /* Sources */,
				FACB7C5C25F5CE7C004C099F /* Frameworks */,
				FACB7C5D25F5CE7C004C099F /* Resources */,
			);
			buildRules = (
			);
			dependencies = (
			);
			name = AlbumDetail;
			productName = AlbumDetail;
			productReference = FACB7C5F25F5CE7C004C099F /* AlbumDetail.app */;
			productType = "com.apple.product-type.application";
		};
/* End PBXNativeTarget section */

/* Begin PBXProject section */
		FACB7C5725F5CE7C004C099F /* Project object */ = {
			isa = PBXProject;
			attributes = {
				LastSwiftUpdateCheck = 1240;
				LastUpgradeCheck = 1240;
				TargetAttributes = {
					FACB7C5E25F5CE7C004C099F = {
						CreatedOnToolsVersion = 12.4;
					};
				};
			};
			buildConfigurationList = FACB7C5A25F5CE7C004C099F /* Build configuration list for PBXProject "AlbumDetail" */;
			compatibilityVersion = "Xcode 9.3";
			developmentRegion = en;
			hasScannedForEncodings = 0;
			knownRegions = (
				en,
				Base,
			);
			mainGroup = FACB7C5625F5CE7C004C099F;
			productRefGroup = FACB7C6025F5CE7C004C099F /* Products */;
			projectDirPath = "";
			projectRoot = "";
			targets = (
				FACB7C5E25F5CE7C004C099F /* AlbumDetail */,
			);
		};
/* End PBXProject section */

/* Begin PBXResourcesBuildPhase section */
		FACB7C5D25F5CE7C004C099F /* Resources */ = {
			isa = PBXResourcesBuildPhase;
			buildActionMask = 2147483647;
			files = (
				FAB5F57D25FC5A630057EE55 /* Roboto-ThinItalic.ttf in Resources */,
				FACB7C6F25F5CE7E004C099F /* LaunchScreen.storyboard in Resources */,
				FAB5F57B25FC5A630057EE55 /* Roboto-Bold.ttf in Resources */,
				FAB5F57525FC5A630057EE55 /* Roboto-Regular.ttf in Resources */,
				FACB7C6C25F5CE7E004C099F /* Preview Assets.xcassets in Resources */,
				FAB5F57425FC5A630057EE55 /* Roboto-Medium.ttf in Resources */,
				FAB5F57325FC5A630057EE55 /* Roboto-BlackItalic.ttf in Resources */,
				FAB5F57725FC5A630057EE55 /* Roboto-Black.ttf in Resources */,
				FAB5F57225FC5A630057EE55 /* Roboto-LightItalic.ttf in Resources */,
				FAB5F57825FC5A630057EE55 /* Roboto-Italic.ttf in Resources */,
				FAB5F57A25FC5A630057EE55 /* Roboto-Thin.ttf in Resources */,
				FAB5F57625FC5A630057EE55 /* Roboto-Light.ttf in Resources */,
				FAB5F57925FC5A630057EE55 /* Roboto-MediumItalic.ttf in Resources */,
				FAB5F57C25FC5A630057EE55 /* Roboto-BoldItalic.ttf in Resources */,
				FACB7C6925F5CE7E004C099F /* Assets.xcassets in Resources */,
			);
			runOnlyForDeploymentPostprocessing = 0;
		};
/* End PBXResourcesBuildPhase section */

/* Begin PBXSourcesBuildPhase section */
		FACB7C5B25F5CE7C004C099F /* Sources */ = {
			isa = PBXSourcesBuildPhase;
			buildActionMask = 2147483647;
			files = (
				FAB5F58725FD91B00057EE55 /* NavigationBarModifier.swift in Sources */,
				FA82D41C25F73E950054D1C4 /* CircleButton.swift in Sources */,
				FACB7C6325F5CE7C004C099F /* AppDelegate.swift in Sources */,
				FA82D41F25F897FB0054D1C4 /* CicleButtonsContainer.swift in Sources */,
				FA82D42925FB22F60054D1C4 /* PlayAndShuffleButtonsContainer.swift in Sources */,
				FA82D42625FB1AD00054D1C4 /* RoundedButton.swift in Sources */,
				FAB5F58A25FD92230057EE55 /* ViewExtension.swift in Sources */,
				FACB7C6525F5CE7C004C099F /* SceneDelegate.swift in Sources */,
				FA82D42225F898740054D1C4 /* AlbumHeaderView.swift in Sources */,
				FA82D41525F5DC720054D1C4 /* BackgroundView.swift in Sources */,
				FACB7C6725F5CE7C004C099F /* AlbumDetailView.swift in Sources */,
				FAB5F58125FD0C910057EE55 /* ColorExtension.swift in Sources */,
			);
			runOnlyForDeploymentPostprocessing = 0;
		};
/* End PBXSourcesBuildPhase section */

/* Begin PBXVariantGroup section */
		FACB7C6D25F5CE7E004C099F /* LaunchScreen.storyboard */ = {
			isa = PBXVariantGroup;
			children = (
				FACB7C6E25F5CE7E004C099F /* Base */,
			);
			name = LaunchScreen.storyboard;
			sourceTree = "<group>";
		};
/* End PBXVariantGroup section */

/* Begin XCBuildConfiguration section */
		FACB7C7125F5CE7E004C099F /* Debug */ = {
			isa = XCBuildConfiguration;
			buildSettings = {
				ALWAYS_SEARCH_USER_PATHS = NO;
				CLANG_ANALYZER_NONNULL = YES;
				CLANG_ANALYZER_NUMBER_OBJECT_CONVERSION = YES_AGGRESSIVE;
				CLANG_CXX_LANGUAGE_STANDARD = "gnu++14";
				CLANG_CXX_LIBRARY = "libc++";
				CLANG_ENABLE_MODULES = YES;
				CLANG_ENABLE_OBJC_ARC = YES;
				CLANG_ENABLE_OBJC_WEAK = YES;
				CLANG_WARN_BLOCK_CAPTURE_AUTORELEASING = YES;
				CLANG_WARN_BOOL_CONVERSION = YES;
				CLANG_WARN_COMMA = YES;
				CLANG_WARN_CONSTANT_CONVERSION = YES;
				CLANG_WARN_DEPRECATED_OBJC_IMPLEMENTATIONS = YES;
				CLANG_WARN_DIRECT_OBJC_ISA_USAGE = YES_ERROR;
				CLANG_WARN_DOCUMENTATION_COMMENTS = YES;
				CLANG_WARN_EMPTY_BODY = YES;
				CLANG_WARN_ENUM_CONVERSION = YES;
				CLANG_WARN_INFINITE_RECURSION = YES;
				CLANG_WARN_INT_CONVERSION = YES;
				CLANG_WARN_NON_LITERAL_NULL_CONVERSION = YES;
				CLANG_WARN_OBJC_IMPLICIT_RETAIN_SELF = YES;
				CLANG_WARN_OBJC_LITERAL_CONVERSION = YES;
				CLANG_WARN_OBJC_ROOT_CLASS = YES_ERROR;
				CLANG_WARN_QUOTED_INCLUDE_IN_FRAMEWORK_HEADER = YES;
				CLANG_WARN_RANGE_LOOP_ANALYSIS = YES;
				CLANG_WARN_STRICT_PROTOTYPES = YES;
				CLANG_WARN_SUSPICIOUS_MOVE = YES;
				CLANG_WARN_UNGUARDED_AVAILABILITY = YES_AGGRESSIVE;
				CLANG_WARN_UNREACHABLE_CODE = YES;
				CLANG_WARN__DUPLICATE_METHOD_MATCH = YES;
				COPY_PHASE_STRIP = NO;
				DEBUG_INFORMATION_FORMAT = dwarf;
				ENABLE_STRICT_OBJC_MSGSEND = YES;
				ENABLE_TESTABILITY = YES;
				GCC_C_LANGUAGE_STANDARD = gnu11;
				GCC_DYNAMIC_NO_PIC = NO;
				GCC_NO_COMMON_BLOCKS = YES;
				GCC_OPTIMIZATION_LEVEL = 0;
				GCC_PREPROCESSOR_DEFINITIONS = (
					"DEBUG=1",
					"$(inherited)",
				);
				GCC_WARN_64_TO_32_BIT_CONVERSION = YES;
				GCC_WARN_ABOUT_RETURN_TYPE = YES_ERROR;
				GCC_WARN_UNDECLARED_SELECTOR = YES;
				GCC_WARN_UNINITIALIZED_AUTOS = YES_AGGRESSIVE;
				GCC_WARN_UNUSED_FUNCTION = YES;
				GCC_WARN_UNUSED_VARIABLE = YES;
				IPHONEOS_DEPLOYMENT_TARGET = 13.0;
				MTL_ENABLE_DEBUG_INFO = INCLUDE_SOURCE;
				MTL_FAST_MATH = YES;
				ONLY_ACTIVE_ARCH = YES;
				SDKROOT = iphoneos;
				SWIFT_ACTIVE_COMPILATION_CONDITIONS = DEBUG;
				SWIFT_OPTIMIZATION_LEVEL = "-Onone";
			};
			name = Debug;
		};
		FACB7C7225F5CE7E004C099F /* Release */ = {
			isa = XCBuildConfiguration;
			buildSettings = {
				ALWAYS_SEARCH_USER_PATHS = NO;
				CLANG_ANALYZER_NONNULL = YES;
				CLANG_ANALYZER_NUMBER_OBJECT_CONVERSION = YES_AGGRESSIVE;
				CLANG_CXX_LANGUAGE_STANDARD = "gnu++14";
				CLANG_CXX_LIBRARY = "libc++";
				CLANG_ENABLE_MODULES = YES;
				CLANG_ENABLE_OBJC_ARC = YES;
				CLANG_ENABLE_OBJC_WEAK = YES;
				CLANG_WARN_BLOCK_CAPTURE_AUTORELEASING = YES;
				CLANG_WARN_BOOL_CONVERSION = YES;
				CLANG_WARN_COMMA = YES;
				CLANG_WARN_CONSTANT_CONVERSION = YES;
				CLANG_WARN_DEPRECATED_OBJC_IMPLEMENTATIONS = YES;
				CLANG_WARN_DIRECT_OBJC_ISA_USAGE = YES_ERROR;
				CLANG_WARN_DOCUMENTATION_COMMENTS = YES;
				CLANG_WARN_EMPTY_BODY = YES;
				CLANG_WARN_ENUM_CONVERSION = YES;
				CLANG_WARN_INFINITE_RECURSION = YES;
				CLANG_WARN_INT_CONVERSION = YES;
				CLANG_WARN_NON_LITERAL_NULL_CONVERSION = YES;
				CLANG_WARN_OBJC_IMPLICIT_RETAIN_SELF = YES;
				CLANG_WARN_OBJC_LITERAL_CONVERSION = YES;
				CLANG_WARN_OBJC_ROOT_CLASS = YES_ERROR;
				CLANG_WARN_QUOTED_INCLUDE_IN_FRAMEWORK_HEADER = YES;
				CLANG_WARN_RANGE_LOOP_ANALYSIS = YES;
				CLANG_WARN_STRICT_PROTOTYPES = YES;
				CLANG_WARN_SUSPICIOUS_MOVE = YES;
				CLANG_WARN_UNGUARDED_AVAILABILITY = YES_AGGRESSIVE;
				CLANG_WARN_UNREACHABLE_CODE = YES;
				CLANG_WARN__DUPLICATE_METHOD_MATCH = YES;
				COPY_PHASE_STRIP = NO;
				DEBUG_INFORMATION_FORMAT = "dwarf-with-dsym";
				ENABLE_NS_ASSERTIONS = NO;
				ENABLE_STRICT_OBJC_MSGSEND = YES;
				GCC_C_LANGUAGE_STANDARD = gnu11;
				GCC_NO_COMMON_BLOCKS = YES;
				GCC_WARN_64_TO_32_BIT_CONVERSION = YES;
				GCC_WARN_ABOUT_RETURN_TYPE = YES_ERROR;
				GCC_WARN_UNDECLARED_SELECTOR = YES;
				GCC_WARN_UNINITIALIZED_AUTOS = YES_AGGRESSIVE;
				GCC_WARN_UNUSED_FUNCTION = YES;
				GCC_WARN_UNUSED_VARIABLE = YES;
				IPHONEOS_DEPLOYMENT_TARGET = 13.0;
				MTL_ENABLE_DEBUG_INFO = NO;
				MTL_FAST_MATH = YES;
				SDKROOT = iphoneos;
				SWIFT_COMPILATION_MODE = wholemodule;
				SWIFT_OPTIMIZATION_LEVEL = "-O";
				VALIDATE_PRODUCT = YES;
			};
			name = Release;
		};
		FACB7C7425F5CE7E004C099F /* Debug */ = {
			isa = XCBuildConfiguration;
			buildSettings = {
				ASSETCATALOG_COMPILER_APPICON_NAME = AppIcon;
				ASSETCATALOG_COMPILER_GLOBAL_ACCENT_COLOR_NAME = AccentColor;
				CODE_SIGN_STYLE = Automatic;
				DEVELOPMENT_ASSET_PATHS = "\"AlbumDetail/Preview Content\"";
				ENABLE_PREVIEWS = YES;
				INFOPLIST_FILE = AlbumDetail/Info.plist;
				LD_RUNPATH_SEARCH_PATHS = (
					"$(inherited)",
					"@executable_path/Frameworks",
				);
				PRODUCT_BUNDLE_IDENTIFIER = com.alextapia.AlbumDetail;
				PRODUCT_NAME = "$(TARGET_NAME)";
				SWIFT_VERSION = 5.0;
				TARGETED_DEVICE_FAMILY = "1,2";
			};
			name = Debug;
		};
		FACB7C7525F5CE7E004C099F /* Release */ = {
			isa = XCBuildConfiguration;
			buildSettings = {
				ASSETCATALOG_COMPILER_APPICON_NAME = AppIcon;
				ASSETCATALOG_COMPILER_GLOBAL_ACCENT_COLOR_NAME = AccentColor;
				CODE_SIGN_STYLE = Automatic;
				DEVELOPMENT_ASSET_PATHS = "\"AlbumDetail/Preview Content\"";
				ENABLE_PREVIEWS = YES;
				INFOPLIST_FILE = AlbumDetail/Info.plist;
				LD_RUNPATH_SEARCH_PATHS = (
					"$(inherited)",
					"@executable_path/Frameworks",
				);
				PRODUCT_BUNDLE_IDENTIFIER = com.alextapia.AlbumDetail;
				PRODUCT_NAME = "$(TARGET_NAME)";
				SWIFT_VERSION = 5.0;
				TARGETED_DEVICE_FAMILY = "1,2";
			};
			name = Release;
		};
/* End XCBuildConfiguration section */

/* Begin XCConfigurationList section */
		FACB7C5A25F5CE7C004C099F /* Build configuration list for PBXProject "AlbumDetail" */ = {
			isa = XCConfigurationList;
			buildConfigurations = (
				FACB7C7125F5CE7E004C099F /* Debug */,
				FACB7C7225F5CE7E004C099F /* Release */,
			);
			defaultConfigurationIsVisible = 0;
			defaultConfigurationName = Release;
		};
		FACB7C7325F5CE7E004C099F /* Build configuration list for PBXNativeTarget "AlbumDetail" */ = {
			isa = XCConfigurationList;
			buildConfigurations = (
				FACB7C7425F5CE7E004C099F /* Debug */,
				FACB7C7525F5CE7E004C099F /* Release */,
			);
			defaultConfigurationIsVisible = 0;
			defaultConfigurationName = Release;
		};
/* End XCConfigurationList section */
	};
	rootObject = FACB7C5725F5CE7C004C099F /* Project object */;
}
